
Microsoft Visual Studio Solution File, Format Version 12.00
# Visual Studio 15
VisualStudioVersion = 15.0.28307.1738
MinimumVisualStudioVersion = 10.0.40219.1
Project("{8BC9CEB8-8B4A-11D0-8D11-00A0C91BC942}") = "LeetCode", "Leetcode\LeetCode.vcxproj", "{CB01D985-64F8-4B29-A0D0-3F3944BCBFC1}"
EndProject
Global
	GlobalSection(SolutionConfigurationPlatforms) = preSolution
		Debug|x64 = Debug|x64
		Debug|x86 = Debug|x86
		Release|x64 = Release|x64
		Release|x86 = Release|x86
	EndGlobalSection
	GlobalSection(ProjectConfigurationPlatforms) = postSolution
		{CB01D985-64F8-4B29-A0D0-3F3944BCBFC1}.Debug|x64.ActiveCfg = Debug|x64
		{CB01D985-64F8-4B29-A0D0-3F3944BCBFC1}.Debug|x64.Build.0 = Debug|x64
		{CB01D985-64F8-4B29-A0D0-3F3944BCBFC1}.Debug|x86.ActiveCfg = Debug|Win32
		{CB01D985-64F8-4B29-A0D0-3F3944BCBFC1}.Debug|x86.Build.0 = Debug|Win32
		{CB01D985-64F8-4B29-A0D0-3F3944BCBFC1}.Release|x64.ActiveCfg = Release|x64
		{CB01D985-64F8-4B29-A0D0-3F3944BCBFC1}.Release|x64.Build.0 = Release|x64
		{CB01D985-64F8-4B29-A0D0-3F3944BCBFC1}.Release|x86.ActiveCfg = Release|Win32
		{CB01D985-64F8-4B29-A0D0-3F3944BCBFC1}.Release|x86.Build.0 = Release|Win32
	EndGlobalSection
	GlobalSection(SolutionProperties) = preSolution
		HideSolutionNode = FALSE
	EndGlobalSection
	GlobalSection(ExtensibilityGlobals) = postSolution
		SolutionGuid = {276EC62B-919B-4444-B8EC-89775F5C9326}
	EndGlobalSection
EndGlobal
